
Microsoft Visual Studio Solution File, Format Version 12.00
# Visual Studio 15
VisualStudioVersion = 15.0.28307.168
MinimumVisualStudioVersion = 10.0.40219.1
Project("{9A19103F-16F7-4668-BE54-9A1E7A4F7556}") = "Highway.API", "HighwayAPI\Highway.API.csproj", "{ACA4BC93-591F-402C-97DE-9DD2989EDD25}"
EndProject
Project("{9A19103F-16F7-4668-BE54-9A1E7A4F7556}") = "Highway", "Highway.DAL\Highway.csproj", "{31F80991-0126-49A1-B6F2-F0A887B27916}"
EndProject
Project("{2150E333-8FDC-42A3-9474-1A3956D46DE8}") = "Tests", "Tests", "{912ADAA4-478E-49BC-91DB-C599F40FC984}"
EndProject
Project("{9A19103F-16F7-4668-BE54-9A1E7A4F7556}") = "Highway.Tests", "Highway.DAL.Tests\Highway.Tests.csproj", "{BBB29594-263A-4705-81D6-4E068664CD6B}"
EndProject
Global
	GlobalSection(SolutionConfigurationPlatforms) = preSolution
		Debug|Any CPU = Debug|Any CPU
		Release|Any CPU = Release|Any CPU
	EndGlobalSection
	GlobalSection(ProjectConfigurationPlatforms) = postSolution
		{ACA4BC93-591F-402C-97DE-9DD2989EDD25}.Debug|Any CPU.ActiveCfg = Debug|Any CPU
		{ACA4BC93-591F-402C-97DE-9DD2989EDD25}.Debug|Any CPU.Build.0 = Debug|Any CPU
		{ACA4BC93-591F-402C-97DE-9DD2989EDD25}.Release|Any CPU.ActiveCfg = Release|Any CPU
		{ACA4BC93-591F-402C-97DE-9DD2989EDD25}.Release|Any CPU.Build.0 = Release|Any CPU
		{31F80991-0126-49A1-B6F2-F0A887B27916}.Debug|Any CPU.ActiveCfg = Debug|Any CPU
		{31F80991-0126-49A1-B6F2-F0A887B27916}.Debug|Any CPU.Build.0 = Debug|Any CPU
		{31F80991-0126-49A1-B6F2-F0A887B27916}.Release|Any CPU.ActiveCfg = Release|Any CPU
		{31F80991-0126-49A1-B6F2-F0A887B27916}.Release|Any CPU.Build.0 = Release|Any CPU
		{BBB29594-263A-4705-81D6-4E068664CD6B}.Debug|Any CPU.ActiveCfg = Debug|Any CPU
		{BBB29594-263A-4705-81D6-4E068664CD6B}.Debug|Any CPU.Build.0 = Debug|Any CPU
		{BBB29594-263A-4705-81D6-4E068664CD6B}.Release|Any CPU.ActiveCfg = Release|Any CPU
		{BBB29594-263A-4705-81D6-4E068664CD6B}.Release|Any CPU.Build.0 = Release|Any CPU
	EndGlobalSection
	GlobalSection(SolutionProperties) = preSolution
		HideSolutionNode = FALSE
	EndGlobalSection
	GlobalSection(NestedProjects) = preSolution
		{BBB29594-263A-4705-81D6-4E068664CD6B} = {912ADAA4-478E-49BC-91DB-C599F40FC984}
	EndGlobalSection
	GlobalSection(ExtensibilityGlobals) = postSolution
		SolutionGuid = {0607DFE7-C62D-4C53-8CC4-383BF87F4F0C}
	EndGlobalSection
EndGlobal
